<?xml version="1.0" encoding="UTF-8" standalone="yes" ?>
<CodeBlocks_project_file>
	<FileVersion major="1" minor="6" />
	<Project>
		<Option title="MotionPlanning" />
		<Option pch_mode="2" />
		<Option compiler="gcc" />
		<Build>
			<Target title="Debug">
				<Option output="bin/Debug/MotionPlanning" prefix_auto="1" extension_auto="1" />
				<Option object_output="obj/Debug/" />
				<Option type="1" />
				<Option compiler="gcc" />
				<Compiler>
					<Add option="-g" />
				</Compiler>
			</Target>
			<Target title="Release">
				<Option output="bin/Release/MotionPlanning" prefix_auto="1" extension_auto="1" />
				<Option object_output="obj/Release/" />
				<Option type="1" />
				<Option compiler="gcc" />
				<Compiler>
					<Add option="-O2" />
				</Compiler>
				<Linker>
					<Add option="-s" />
				</Linker>
			</Target>
		</Build>
		<Compiler>
			<Add option="-Wall" />
			<Add option="-fexceptions" />
		</Compiler>
		<Unit filename="CollisionChecker.cpp" />
		<Unit filename="CollisionChecker.h" />
		<Unit filename="GeneticOperators.cpp" />
		<Unit filename="GeneticOperators.h" />
		<Unit filename="RecordLog.cpp" />
		<Unit filename="RecordLog.h" />
		<Unit filename="Vector3D.cpp" />
		<Unit filename="Vector3D.h" />
		<Unit filename="main.cpp" />
		<Unit filename="robot.cpp" />
		<Unit filename="robot.h" />
		<Unit filename="test.cpp" />
		<Unit filename="test.h" />
		<Unit filename="utility.cpp" />
		<Unit filename="utility.h" />
		<Extensions>
			<envvars />
			<code_completion />
			<lib_finder disable_auto="1" />
			<debugger />
		</Extensions>
	</Project>
</CodeBlocks_project_file>
